// !$*UTF8*$!
{
	archiveVersion = 1;
	classes = {
	};
	objectVersion = 50;
	objects = {

/* Begin PBXBuildFile section */
		6203F063221A2CC500A45F06 /* AppDelegate.swift in Sources */ = {isa = PBXBuildFile; fileRef = 6203F062221A2CC500A45F06 /* AppDelegate.swift */; };
		6203F065221A2CC500A45F06 /* ViewController.swift in Sources */ = {isa = PBXBuildFile; fileRef = 6203F064221A2CC500A45F06 /* ViewController.swift */; };
		6203F068221A2CC500A45F06 /* Main.storyboard in Resources */ = {isa = PBXBuildFile; fileRef = 6203F066221A2CC500A45F06 /* Main.storyboard */; };
		6203F06A221A2CC600A45F06 /* Assets.xcassets in Resources */ = {isa = PBXBuildFile; fileRef = 6203F069221A2CC600A45F06 /* Assets.xcassets */; };
		6203F06D221A2CC600A45F06 /* LaunchScreen.storyboard in Resources */ = {isa = PBXBuildFile; fileRef = 6203F06B221A2CC600A45F06 /* LaunchScreen.storyboard */; };
		6203F078221A2CC600A45F06 /* app_swooshTests.swift in Sources */ = {isa = PBXBuildFile; fileRef = 6203F077221A2CC600A45F06 /* app_swooshTests.swift */; };
		6203F083221A2CC600A45F06 /* app_swooshUITests.swift in Sources */ = {isa = PBXBuildFile; fileRef = 6203F082221A2CC600A45F06 /* app_swooshUITests.swift */; };
		62EF41F5221A3F0A00C6F998 /* BorderButton.swift in Sources */ = {isa = PBXBuildFile; fileRef = 62EF41F4221A3F0A00C6F998 /* BorderButton.swift */; };
/* End PBXBuildFile section */

/* Begin PBXContainerItemProxy section */
		6203F074221A2CC600A45F06 /* PBXContainerItemProxy */ = {
			isa = PBXContainerItemProxy;
			containerPortal = 6203F057221A2CC500A45F06 /* Project object */;
			proxyType = 1;
			remoteGlobalIDString = 6203F05E221A2CC500A45F06;
			remoteInfo = "app-swoosh";
		};
		6203F07F221A2CC600A45F06 /* PBXContainerItemProxy */ = {
			isa = PBXContainerItemProxy;
			containerPortal = 6203F057221A2CC500A45F06 /* Project object */;
			proxyType = 1;
			remoteGlobalIDString = 6203F05E221A2CC500A45F06;
			remoteInfo = "app-swoosh";
		};
/* End PBXContainerItemProxy section */

/* Begin PBXFileReference section */
		6203F05F221A2CC500A45F06 /* app-swoosh.app */ = {isa = PBXFileReference; explicitFileType = wrapper.application; includeInIndex = 0; path = "app-swoosh.app"; sourceTree = BUILT_PRODUCTS_DIR; };
		6203F062221A2CC500A45F06 /* AppDelegate.swift */ = {isa = PBXFileReference; lastKnownFileType = sourcecode.swift; path = AppDelegate.swift; sourceTree = "<group>"; };
		6203F064221A2CC500A45F06 /* ViewController.swift */ = {isa = PBXFileReference; lastKnownFileType = sourcecode.swift; path = ViewController.swift; sourceTree = "<group>"; };
		6203F067221A2CC500A45F06 /* Base */ = {isa = PBXFileReference; lastKnownFileType = file.storyboard; name = Base; path = Base.lproj/Main.storyboard; sourceTree = "<group>"; };
		6203F069221A2CC600A45F06 /* Assets.xcassets */ = {isa = PBXFileReference; lastKnownFileType = folder.assetcatalog; path = Assets.xcassets; sourceTree = "<group>"; };
		6203F06C221A2CC600A45F06 /* Base */ = {isa = PBXFileReference; lastKnownFileType = file.storyboard; name = Base; path = Base.lproj/LaunchScreen.storyboard; sourceTree = "<group>"; };
		6203F06E221A2CC600A45F06 /* Info.plist */ = {isa = PBXFileReference; lastKnownFileType = text.plist.xml; path = Info.plist; sourceTree = "<group>"; };
		6203F073221A2CC600A45F06 /* app-swooshTests.xctest */ = {isa = PBXFileReference; explicitFileType = wrapper.cfbundle; includeInIndex = 0; path = "app-swooshTests.xctest"; sourceTree = BUILT_PRODUCTS_DIR; };
		6203F077221A2CC600A45F06 /* app_swooshTests.swift */ = {isa = PBXFileReference; lastKnownFileType = sourcecode.swift; path = app_swooshTests.swift; sourceTree = "<group>"; };
		6203F079221A2CC600A45F06 /* Info.plist */ = {isa = PBXFileReference; lastKnownFileType = text.plist.xml; path = Info.plist; sourceTree = "<group>"; };
		6203F07E221A2CC600A45F06 /* app-swooshUITests.xctest */ = {isa = PBXFileReference; explicitFileType = wrapper.cfbundle; includeInIndex = 0; path = "app-swooshUITests.xctest"; sourceTree = BUILT_PRODUCTS_DIR; };
		6203F082221A2CC600A45F06 /* app_swooshUITests.swift */ = {isa = PBXFileReference; lastKnownFileType = sourcecode.swift; path = app_swooshUITests.swift; sourceTree = "<group>"; };
		6203F084221A2CC600A45F06 /* Info.plist */ = {isa = PBXFileReference; lastKnownFileType = text.plist.xml; path = Info.plist; sourceTree = "<group>"; };
		62EF41F4221A3F0A00C6F998 /* BorderButton.swift */ = {isa = PBXFileReference; lastKnownFileType = sourcecode.swift; path = BorderButton.swift; sourceTree = "<group>"; };
/* End PBXFileReference section */

/* Begin PBXFrameworksBuildPhase section */
		6203F05C221A2CC500A45F06 /* Frameworks */ = {
			isa = PBXFrameworksBuildPhase;
			buildActionMask = 2147483647;
			files = (
			);
			runOnlyForDeploymentPostprocessing = 0;
		};
		6203F070221A2CC600A45F06 /* Frameworks */ = {
			isa = PBXFrameworksBuildPhase;
			buildActionMask = 2147483647;
			files = (
			);
			runOnlyForDeploymentPostprocessing = 0;
		};
		6203F07B221A2CC600A45F06 /* Frameworks */ = {
			isa = PBXFrameworksBuildPhase;
			buildActionMask = 2147483647;
			files = (
			);
			runOnlyForDeploymentPostprocessing = 0;
		};
/* End PBXFrameworksBuildPhase section */

/* Begin PBXGroup section */
		6203F056221A2CC500A45F06 = {
			isa = PBXGroup;
			children = (
				6203F061221A2CC500A45F06 /* app-swoosh */,
				6203F076221A2CC600A45F06 /* app-swooshTests */,
				6203F081221A2CC600A45F06 /* app-swooshUITests */,
				6203F060221A2CC500A45F06 /* Products */,
			);
			sourceTree = "<group>";
		};
		6203F060221A2CC500A45F06 /* Products */ = {
			isa = PBXGroup;
			children = (
				6203F05F221A2CC500A45F06 /* app-swoosh.app */,
				6203F073221A2CC600A45F06 /* app-swooshTests.xctest */,
				6203F07E221A2CC600A45F06 /* app-swooshUITests.xctest */,
			);
			name = Products;
			sourceTree = "<group>";
		};
		6203F061221A2CC500A45F06 /* app-swoosh */ = {
			isa = PBXGroup;
			children = (
				62EF41F3221A3ECD00C6F998 /* views */,
				6203F062221A2CC500A45F06 /* AppDelegate.swift */,
				6203F064221A2CC500A45F06 /* ViewController.swift */,
				6203F066221A2CC500A45F06 /* Main.storyboard */,
				6203F069221A2CC600A45F06 /* Assets.xcassets */,
				6203F06B221A2CC600A45F06 /* LaunchScreen.storyboard */,
				6203F06E221A2CC600A45F06 /* Info.plist */,
			);
			path = "app-swoosh";
			sourceTree = "<group>";
		};
		6203F076221A2CC600A45F06 /* app-swooshTests */ = {
			isa = PBXGroup;
			children = (
				6203F077221A2CC600A45F06 /* app_swooshTests.swift */,
				6203F079221A2CC600A45F06 /* Info.plist */,
			);
			path = "app-swooshTests";
			sourceTree = "<group>";
		};
		6203F081221A2CC600A45F06 /* app-swooshUITests */ = {
			isa = PBXGroup;
			children = (
				6203F082221A2CC600A45F06 /* app_swooshUITests.swift */,
				6203F084221A2CC600A45F06 /* Info.plist */,
			);
			path = "app-swooshUITests";
			sourceTree = "<group>";
		};
		62EF41F3221A3ECD00C6F998 /* views */ = {
			isa = PBXGroup;
			children = (
				62EF41F4221A3F0A00C6F998 /* BorderButton.swift */,
			);
			path = views;
			sourceTree = "<group>";
		};
/* End PBXGroup section */

/* Begin PBXNativeTarget section */
		6203F05E221A2CC500A45F06 /* app-swoosh */ = {
			isa = PBXNativeTarget;
			buildConfigurationList = 6203F087221A2CC600A45F06 /* Build configuration list for PBXNativeTarget "app-swoosh" */;
			buildPhases = (
				6203F05B221A2CC500A45F06 /* Sources */,
				6203F05C221A2CC500A45F06 /* Frameworks */,
				6203F05D221A2CC500A45F06 /* Resources */,
			);
			buildRules = (
			);
			dependencies = (
			);
			name = "app-swoosh";
			productName = "app-swoosh";
			productReference = 6203F05F221A2CC500A45F06 /* app-swoosh.app */;
			productType = "com.apple.product-type.application";
		};
		6203F072221A2CC600A45F06 /* app-swooshTests */ = {
			isa = PBXNativeTarget;
			buildConfigurationList = 6203F08A221A2CC600A45F06 /* Build configuration list for PBXNativeTarget "app-swooshTests" */;
			buildPhases = (
				6203F06F221A2CC600A45F06 /* Sources */,
				6203F070221A2CC600A45F06 /* Frameworks */,
				6203F071221A2CC600A45F06 /* Resources */,
			);
			buildRules = (
			);
			dependencies = (
				6203F075221A2CC600A45F06 /* PBXTargetDependency */,
			);
			name = "app-swooshTests";
			productName = "app-swooshTests";
			productReference = 6203F073221A2CC600A45F06 /* app-swooshTests.xctest */;
			productType = "com.apple.product-type.bundle.unit-test";
		};
		6203F07D221A2CC600A45F06 /* app-swooshUITests */ = {
			isa = PBXNativeTarget;
			buildConfigurationList = 6203F08D221A2CC600A45F06 /* Build configuration list for PBXNativeTarget "app-swooshUITests" */;
			buildPhases = (
				6203F07A221A2CC600A45F06 /* Sources */,
				6203F07B221A2CC600A45F06 /* Frameworks */,
				6203F07C221A2CC600A45F06 /* Resources */,
			);
			buildRules = (
			);
			dependencies = (
				6203F080221A2CC600A45F06 /* PBXTargetDependency */,
			);
			name = "app-swooshUITests";
			productName = "app-swooshUITests";
			productReference = 6203F07E221A2CC600A45F06 /* app-swooshUITests.xctest */;
			productType = "com.apple.product-type.bundle.ui-testing";
		};
/* End PBXNativeTarget section */

/* Begin PBXProject section */
		6203F057221A2CC500A45F06 /* Project object */ = {
			isa = PBXProject;
			attributes = {
				LastSwiftUpdateCheck = 1010;
				LastUpgradeCheck = 1010;
				ORGANIZATIONNAME = "Eduardo Perez";
				TargetAttributes = {
					6203F05E221A2CC500A45F06 = {
						CreatedOnToolsVersion = 10.1;
					};
					6203F072221A2CC600A45F06 = {
						CreatedOnToolsVersion = 10.1;
						TestTargetID = 6203F05E221A2CC500A45F06;
					};
					6203F07D221A2CC600A45F06 = {
						CreatedOnToolsVersion = 10.1;
						TestTargetID = 6203F05E221A2CC500A45F06;
					};
				};
			};
			buildConfigurationList = 6203F05A221A2CC500A45F06 /* Build configuration list for PBXProject "app-swoosh" */;
			compatibilityVersion = "Xcode 9.3";
			developmentRegion = en;
			hasScannedForEncodings = 0;
			knownRegions = (
				en,
				Base,
			);
			mainGroup = 6203F056221A2CC500A45F06;
			productRefGroup = 6203F060221A2CC500A45F06 /* Products */;
			projectDirPath = "";
			projectRoot = "";
			targets = (
				6203F05E221A2CC500A45F06 /* app-swoosh */,
				6203F072221A2CC600A45F06 /* app-swooshTests */,
				6203F07D221A2CC600A45F06 /* app-swooshUITests */,
			);
		};
/* End PBXProject section */

/* Begin PBXResourcesBuildPhase section */
		6203F05D221A2CC500A45F06 /* Resources */ = {
			isa = PBXResourcesBuildPhase;
			buildActionMask = 2147483647;
			files = (
				6203F06D221A2CC600A45F06 /* LaunchScreen.storyboard in Resources */,
				6203F06A221A2CC600A45F06 /* Assets.xcassets in Resources */,
				6203F068221A2CC500A45F06 /* Main.storyboard in Resources */,
			);
			runOnlyForDeploymentPostprocessing = 0;
		};
		6203F071221A2CC600A45F06 /* Resources */ = {
			isa = PBXResourcesBuildPhase;
			buildActionMask = 2147483647;
			files = (
			);
			runOnlyForDeploymentPostprocessing = 0;
		};
		6203F07C221A2CC600A45F06 /* Resources */ = {
			isa = PBXResourcesBuildPhase;
			buildActionMask = 2147483647;
			files = (
			);
			runOnlyForDeploymentPostprocessing = 0;
		};
/* End PBXResourcesBuildPhase section */

/* Begin PBXSourcesBuildPhase section */
		6203F05B221A2CC500A45F06 /* Sources */ = {
			isa = PBXSourcesBuildPhase;
			buildActionMask = 2147483647;
			files = (
				6203F065221A2CC500A45F06 /* ViewController.swift in Sources */,
				6203F063221A2CC500A45F06 /* AppDelegate.swift in Sources */,
				62EF41F5221A3F0A00C6F998 /* BorderButton.swift in Sources */,
			);
			runOnlyForDeploymentPostprocessing = 0;
		};
		6203F06F221A2CC600A45F06 /* Sources */ = {
			isa = PBXSourcesBuildPhase;
			buildActionMask = 2147483647;
			files = (
				6203F078221A2CC600A45F06 /* app_swooshTests.swift in Sources */,
			);
			runOnlyForDeploymentPostprocessing = 0;
		};
		6203F07A221A2CC600A45F06 /* Sources */ = {
			isa = PBXSourcesBuildPhase;
			buildActionMask = 2147483647;
			files = (
				6203F083221A2CC600A45F06 /* app_swooshUITests.swift in Sources */,
			);
			runOnlyForDeploymentPostprocessing = 0;
		};
/* End PBXSourcesBuildPhase section */

/* Begin PBXTargetDependency section */
		6203F075221A2CC600A45F06 /* PBXTargetDependency */ = {
			isa = PBXTargetDependency;
			target = 6203F05E221A2CC500A45F06 /* app-swoosh */;
			targetProxy = 6203F074221A2CC600A45F06 /* PBXContainerItemProxy */;
		};
		6203F080221A2CC600A45F06 /* PBXTargetDependency */ = {
			isa = PBXTargetDependency;
			target = 6203F05E221A2CC500A45F06 /* app-swoosh */;
			targetProxy = 6203F07F221A2CC600A45F06 /* PBXContainerItemProxy */;
		};
/* End PBXTargetDependency section */

/* Begin PBXVariantGroup section */
		6203F066221A2CC500A45F06 /* Main.storyboard */ = {
			isa = PBXVariantGroup;
			children = (
				6203F067221A2CC500A45F06 /* Base */,
			);
			name = Main.storyboard;
			sourceTree = "<group>";
		};
		6203F06B221A2CC600A45F06 /* LaunchScreen.storyboard */ = {
			isa = PBXVariantGroup;
			children = (
				6203F06C221A2CC600A45F06 /* Base */,
			);
			name = LaunchScreen.storyboard;
			sourceTree = "<group>";
		};
/* End PBXVariantGroup section */

/* Begin XCBuildConfiguration section */
		6203F085221A2CC600A45F06 /* Debug */ = {
			isa = XCBuildConfiguration;
			buildSettings = {
				ALWAYS_SEARCH_USER_PATHS = NO;
				CLANG_ANALYZER_NONNULL = YES;
				CLANG_ANALYZER_NUMBER_OBJECT_CONVERSION = YES_AGGRESSIVE;
				CLANG_CXX_LANGUAGE_STANDARD = "gnu++14";
				CLANG_CXX_LIBRARY = "libc++";
				CLANG_ENABLE_MODULES = YES;
				CLANG_ENABLE_OBJC_ARC = YES;
				CLANG_ENABLE_OBJC_WEAK = YES;
				CLANG_WARN_BLOCK_CAPTURE_AUTORELEASING = YES;
				CLANG_WARN_BOOL_CONVERSION = YES;
				CLANG_WARN_COMMA = YES;
				CLANG_WARN_CONSTANT_CONVERSION = YES;
				CLANG_WARN_DEPRECATED_OBJC_IMPLEMENTATIONS = YES;
				CLANG_WARN_DIRECT_OBJC_ISA_USAGE = YES_ERROR;
				CLANG_WARN_DOCUMENTATION_COMMENTS = YES;
				CLANG_WARN_EMPTY_BODY = YES;
				CLANG_WARN_ENUM_CONVERSION = YES;
				CLANG_WARN_INFINITE_RECURSION = YES;
				CLANG_WARN_INT_CONVERSION = YES;
				CLANG_WARN_NON_LITERAL_NULL_CONVERSION = YES;
				CLANG_WARN_OBJC_IMPLICIT_RETAIN_SELF = YES;
				CLANG_WARN_OBJC_LITERAL_CONVERSION = YES;
				CLANG_WARN_OBJC_ROOT_CLASS = YES_ERROR;
				CLANG_WARN_RANGE_LOOP_ANALYSIS = YES;
				CLANG_WARN_STRICT_PROTOTYPES = YES;
				CLANG_WARN_SUSPICIOUS_MOVE = YES;
				CLANG_WARN_UNGUARDED_AVAILABILITY = YES_AGGRESSIVE;
				CLANG_WARN_UNREACHABLE_CODE = YES;
				CLANG_WARN__DUPLICATE_METHOD_MATCH = YES;
				CODE_SIGN_IDENTITY = "iPhone Developer";
				COPY_PHASE_STRIP = NO;
				DEBUG_INFORMATION_FORMAT = dwarf;
				ENABLE_STRICT_OBJC_MSGSEND = YES;
				ENABLE_TESTABILITY = YES;
				GCC_C_LANGUAGE_STANDARD = gnu11;
				GCC_DYNAMIC_NO_PIC = NO;
				GCC_NO_COMMON_BLOCKS = YES;
				GCC_OPTIMIZATION_LEVEL = 0;
				GCC_PREPROCESSOR_DEFINITIONS = (
					"DEBUG=1",
					"$(inherited)",
				);
				GCC_WARN_64_TO_32_BIT_CONVERSION = YES;
				GCC_WARN_ABOUT_RETURN_TYPE = YES_ERROR;
				GCC_WARN_UNDECLARED_SELECTOR = YES;
				GCC_WARN_UNINITIALIZED_AUTOS = YES_AGGRESSIVE;
				GCC_WARN_UNUSED_FUNCTION = YES;
				GCC_WARN_UNUSED_VARIABLE = YES;
				IPHONEOS_DEPLOYMENT_TARGET = 12.1;
				MTL_ENABLE_DEBUG_INFO = INCLUDE_SOURCE;
				MTL_FAST_MATH = YES;
				ONLY_ACTIVE_ARCH = YES;
				SDKROOT = iphoneos;
				SWIFT_ACTIVE_COMPILATION_CONDITIONS = DEBUG;
				SWIFT_OPTIMIZATION_LEVEL = "-Onone";
			};
			name = Debug;
		};
		6203F086221A2CC600A45F06 /* Release */ = {
			isa = XCBuildConfiguration;
			buildSettings = {
				ALWAYS_SEARCH_USER_PATHS = NO;
				CLANG_ANALYZER_NONNULL = YES;
				CLANG_ANALYZER_NUMBER_OBJECT_CONVERSION = YES_AGGRESSIVE;
				CLANG_CXX_LANGUAGE_STANDARD = "gnu++14";
				CLANG_CXX_LIBRARY = "libc++";
				CLANG_ENABLE_MODULES = YES;
				CLANG_ENABLE_OBJC_ARC = YES;
				CLANG_ENABLE_OBJC_WEAK = YES;
				CLANG_WARN_BLOCK_CAPTURE_AUTORELEASING = YES;
				CLANG_WARN_BOOL_CONVERSION = YES;
				CLANG_WARN_COMMA = YES;
				CLANG_WARN_CONSTANT_CONVERSION = YES;
				CLANG_WARN_DEPRECATED_OBJC_IMPLEMENTATIONS = YES;
				CLANG_WARN_DIRECT_OBJC_ISA_USAGE = YES_ERROR;
				CLANG_WARN_DOCUMENTATION_COMMENTS = YES;
				CLANG_WARN_EMPTY_BODY = YES;
				CLANG_WARN_ENUM_CONVERSION = YES;
				CLANG_WARN_INFINITE_RECURSION = YES;
				CLANG_WARN_INT_CONVERSION = YES;
				CLANG_WARN_NON_LITERAL_NULL_CONVERSION = YES;
				CLANG_WARN_OBJC_IMPLICIT_RETAIN_SELF = YES;
				CLANG_WARN_OBJC_LITERAL_CONVERSION = YES;
				CLANG_WARN_OBJC_ROOT_CLASS = YES_ERROR;
				CLANG_WARN_RANGE_LOOP_ANALYSIS = YES;
				CLANG_WARN_STRICT_PROTOTYPES = YES;
				CLANG_WARN_SUSPICIOUS_MOVE = YES;
				CLANG_WARN_UNGUARDED_AVAILABILITY = YES_AGGRESSIVE;
				CLANG_WARN_UNREACHABLE_CODE = YES;
				CLANG_WARN__DUPLICATE_METHOD_MATCH = YES;
				CODE_SIGN_IDENTITY = "iPhone Developer";
				COPY_PHASE_STRIP = NO;
				DEBUG_INFORMATION_FORMAT = "dwarf-with-dsym";
				ENABLE_NS_ASSERTIONS = NO;
				ENABLE_STRICT_OBJC_MSGSEND = YES;
				GCC_C_LANGUAGE_STANDARD = gnu11;
				GCC_NO_COMMON_BLOCKS = YES;
				GCC_WARN_64_TO_32_BIT_CONVERSION = YES;
				GCC_WARN_ABOUT_RETURN_TYPE = YES_ERROR;
				GCC_WARN_UNDECLARED_SELECTOR = YES;
				GCC_WARN_UNINITIALIZED_AUTOS = YES_AGGRESSIVE;
				GCC_WARN_UNUSED_FUNCTION = YES;
				GCC_WARN_UNUSED_VARIABLE = YES;
				IPHONEOS_DEPLOYMENT_TARGET = 12.1;
				MTL_ENABLE_DEBUG_INFO = NO;
				MTL_FAST_MATH = YES;
				SDKROOT = iphoneos;
				SWIFT_COMPILATION_MODE = wholemodule;
				SWIFT_OPTIMIZATION_LEVEL = "-O";
				VALIDATE_PRODUCT = YES;
			};
			name = Release;
		};
		6203F088221A2CC600A45F06 /* Debug */ = {
			isa = XCBuildConfiguration;
			buildSettings = {
				ASSETCATALOG_COMPILER_APPICON_NAME = AppIcon;
				CODE_SIGN_STYLE = Automatic;
				DEVELOPMENT_TEAM = 3M3L879YH4;
				INFOPLIST_FILE = "app-swoosh/Info.plist";
				LD_RUNPATH_SEARCH_PATHS = (
					"$(inherited)",
					"@executable_path/Frameworks",
				);
				PRODUCT_BUNDLE_IDENTIFIER = "com.learningcourse-ios.app-swoosh";
				PRODUCT_NAME = "$(TARGET_NAME)";
				SWIFT_VERSION = 4.2;
				TARGETED_DEVICE_FAMILY = "1,2";
			};
			name = Debug;
		};
		6203F089221A2CC600A45F06 /* Release */ = {
			isa = XCBuildConfiguration;
			buildSettings = {
				ASSETCATALOG_COMPILER_APPICON_NAME = AppIcon;
				CODE_SIGN_STYLE = Automatic;
				DEVELOPMENT_TEAM = 3M3L879YH4;
				INFOPLIST_FILE = "app-swoosh/Info.plist";
				LD_RUNPATH_SEARCH_PATHS = (
					"$(inherited)",
					"@executable_path/Frameworks",
				);
				PRODUCT_BUNDLE_IDENTIFIER = "com.learningcourse-ios.app-swoosh";
				PRODUCT_NAME = "$(TARGET_NAME)";
				SWIFT_VERSION = 4.2;
				TARGETED_DEVICE_FAMILY = "1,2";
			};
			name = Release;
		};
		6203F08B221A2CC600A45F06 /* Debug */ = {
			isa = XCBuildConfiguration;
			buildSettings = {
				ALWAYS_EMBED_SWIFT_STANDARD_LIBRARIES = YES;
				BUNDLE_LOADER = "$(TEST_HOST)";
				CODE_SIGN_STYLE = Automatic;
				DEVELOPMENT_TEAM = 3M3L879YH4;
				INFOPLIST_FILE = "app-swooshTests/Info.plist";
				LD_RUNPATH_SEARCH_PATHS = (
					"$(inherited)",
					"@executable_path/Frameworks",
					"@loader_path/Frameworks",
				);
				PRODUCT_BUNDLE_IDENTIFIER = "com.learningcourse-ios.app-swooshTests";
				PRODUCT_NAME = "$(TARGET_NAME)";
				SWIFT_VERSION = 4.2;
				TARGETED_DEVICE_FAMILY = "1,2";
				TEST_HOST = "$(BUILT_PRODUCTS_DIR)/app-swoosh.app/app-swoosh";
			};
			name = Debug;
		};
		6203F08C221A2CC600A45F06 /* Release */ = {
			isa = XCBuildConfiguration;
			buildSettings = {
				ALWAYS_EMBED_SWIFT_STANDARD_LIBRARIES = YES;
				BUNDLE_LOADER = "$(TEST_HOST)";
				CODE_SIGN_STYLE = Automatic;
				DEVELOPMENT_TEAM = 3M3L879YH4;
				INFOPLIST_FILE = "app-swooshTests/Info.plist";
				LD_RUNPATH_SEARCH_PATHS = (
					"$(inherited)",
					"@executable_path/Frameworks",
					"@loader_path/Frameworks",
				);
				PRODUCT_BUNDLE_IDENTIFIER = "com.learningcourse-ios.app-swooshTests";
				PRODUCT_NAME = "$(TARGET_NAME)";
				SWIFT_VERSION = 4.2;
				TARGETED_DEVICE_FAMILY = "1,2";
				TEST_HOST = "$(BUILT_PRODUCTS_DIR)/app-swoosh.app/app-swoosh";
			};
			name = Release;
		};
		6203F08E221A2CC600A45F06 /* Debug */ = {
			isa = XCBuildConfiguration;
			buildSettings = {
				ALWAYS_EMBED_SWIFT_STANDARD_LIBRARIES = YES;
				CODE_SIGN_STYLE = Automatic;
				DEVELOPMENT_TEAM = 3M3L879YH4;
				INFOPLIST_FILE = "app-swooshUITests/Info.plist";
				LD_RUNPATH_SEARCH_PATHS = (
					"$(inherited)",
					"@executable_path/Frameworks",
					"@loader_path/Frameworks",
				);
				PRODUCT_BUNDLE_IDENTIFIER = "com.learningcourse-ios.app-swooshUITests";
				PRODUCT_NAME = "$(TARGET_NAME)";
				SWIFT_VERSION = 4.2;
				TARGETED_DEVICE_FAMILY = "1,2";
				TEST_TARGET_NAME = "app-swoosh";
			};
			name = Debug;
		};
		6203F08F221A2CC600A45F06 /* Release */ = {
			isa = XCBuildConfiguration;
			buildSettings = {
				ALWAYS_EMBED_SWIFT_STANDARD_LIBRARIES = YES;
				CODE_SIGN_STYLE = Automatic;
				DEVELOPMENT_TEAM = 3M3L879YH4;
				INFOPLIST_FILE = "app-swooshUITests/Info.plist";
				LD_RUNPATH_SEARCH_PATHS = (
					"$(inherited)",
					"@executable_path/Frameworks",
					"@loader_path/Frameworks",
				);
				PRODUCT_BUNDLE_IDENTIFIER = "com.learningcourse-ios.app-swooshUITests";
				PRODUCT_NAME = "$(TARGET_NAME)";
				SWIFT_VERSION = 4.2;
				TARGETED_DEVICE_FAMILY = "1,2";
				TEST_TARGET_NAME = "app-swoosh";
			};
			name = Release;
		};
/* End XCBuildConfiguration section */

/* Begin XCConfigurationList section */
		6203F05A221A2CC500A45F06 /* Build configuration list for PBXProject "app-swoosh" */ = {
			isa = XCConfigurationList;
			buildConfigurations = (
				6203F085221A2CC600A45F06 /* Debug */,
				6203F086221A2CC600A45F06 /* Release */,
			);
			defaultConfigurationIsVisible = 0;
			defaultConfigurationName = Release;
		};
		6203F087221A2CC600A45F06 /* Build configuration list for PBXNativeTarget "app-swoosh" */ = {
			isa = XCConfigurationList;
			buildConfigurations = (
				6203F088221A2CC600A45F06 /* Debug */,
				6203F089221A2CC600A45F06 /* Release */,
			);
			defaultConfigurationIsVisible = 0;
			defaultConfigurationName = Release;
		};
		6203F08A221A2CC600A45F06 /* Build configuration list for PBXNativeTarget "app-swooshTests" */ = {
			isa = XCConfigurationList;
			buildConfigurations = (
				6203F08B221A2CC600A45F06 /* Debug */,
				6203F08C221A2CC600A45F06 /* Release */,
			);
			defaultConfigurationIsVisible = 0;
			defaultConfigurationName = Release;
		};
		6203F08D221A2CC600A45F06 /* Build configuration list for PBXNativeTarget "app-swooshUITests" */ = {
			isa = XCConfigurationList;
			buildConfigurations = (
				6203F08E221A2CC600A45F06 /* Debug */,
				6203F08F221A2CC600A45F06 /* Release */,
			);
			defaultConfigurationIsVisible = 0;
			defaultConfigurationName = Release;
		};
/* End XCConfigurationList section */
	};
	rootObject = 6203F057221A2CC500A45F06 /* Project object */;
}
